// !$*UTF8*$!
{
	archiveVersion = 1;
	classes = {
	};
	objectVersion = 51;
	objects = {

/* Begin PBXBuildFile section */
		04B42454C9C9CE2E73CCFF86 /* Pods_BlackStone.framework in Frameworks */ = {isa = PBXBuildFile; fileRef = 3CEE6C79A203F92C4B823CFE /* Pods_BlackStone.framework */; };
		7F18455B258FF3520064D581 /* AppDelegate.swift in Sources */ = {isa = PBXBuildFile; fileRef = 7F18455A258FF3520064D581 /* AppDelegate.swift */; };
		7F184562258FF3520064D581 /* Main.storyboard in Resources */ = {isa = PBXBuildFile; fileRef = 7F184560258FF3520064D581 /* Main.storyboard */; };
		7F184564258FF3550064D581 /* Assets.xcassets in Resources */ = {isa = PBXBuildFile; fileRef = 7F184563258FF3550064D581 /* Assets.xcassets */; };
		7F184567258FF3550064D581 /* LaunchScreen.storyboard in Resources */ = {isa = PBXBuildFile; fileRef = 7F184565258FF3550064D581 /* LaunchScreen.storyboard */; };
		7F18457B2590010E0064D581 /* CurrencyModel.swift in Sources */ = {isa = PBXBuildFile; fileRef = 7F18457A2590010E0064D581 /* CurrencyModel.swift */; };
		7F18457F259001650064D581 /* CurrencyNetwork.swift in Sources */ = {isa = PBXBuildFile; fileRef = 7F18457E259001650064D581 /* CurrencyNetwork.swift */; };
		7FB2E01E25900A5600838744 /* CurrencyVCRX.swift in Sources */ = {isa = PBXBuildFile; fileRef = 7FB2E01D25900A5600838744 /* CurrencyVCRX.swift */; };
		7FB2E02825900C2600838744 /* Error.swift in Sources */ = {isa = PBXBuildFile; fileRef = 7FB2E02725900C2600838744 /* Error.swift */; };
		7FB2E02C25900CA900838744 /* GetCurrencyInteractor.swift in Sources */ = {isa = PBXBuildFile; fileRef = 7FB2E02B25900CA900838744 /* GetCurrencyInteractor.swift */; };
		7FB2E03025900F5D00838744 /* CurrencyPresenterRX.swift in Sources */ = {isa = PBXBuildFile; fileRef = 7FB2E02F25900F5D00838744 /* CurrencyPresenterRX.swift */; };
		7FF0BAE02591265800753AA1 /* CurrencyCell.swift in Sources */ = {isa = PBXBuildFile; fileRef = 7FF0BADF2591265800753AA1 /* CurrencyCell.swift */; };
		7FF0BAE425913C3600753AA1 /* CurrencyVC.swift in Sources */ = {isa = PBXBuildFile; fileRef = 7FF0BAE325913C3600753AA1 /* CurrencyVC.swift */; };
		7FF0BAE725913C7E00753AA1 /* CurrencyPresenter.swift in Sources */ = {isa = PBXBuildFile; fileRef = 7FF0BAE625913C7E00753AA1 /* CurrencyPresenter.swift */; };
		7FF0BAEB25913EEB00753AA1 /* CurrencyVC + Delegate.swift in Sources */ = {isa = PBXBuildFile; fileRef = 7FF0BAEA25913EEB00753AA1 /* CurrencyVC + Delegate.swift */; };
		7FF0BAF125914C5E00753AA1 /* CurrencyCalculation.swift in Sources */ = {isa = PBXBuildFile; fileRef = 7FF0BAF025914C5E00753AA1 /* CurrencyCalculation.swift */; };
/* End PBXBuildFile section */

/* Begin PBXFileReference section */
		3CEE6C79A203F92C4B823CFE /* Pods_BlackStone.framework */ = {isa = PBXFileReference; explicitFileType = wrapper.framework; includeInIndex = 0; path = Pods_BlackStone.framework; sourceTree = BUILT_PRODUCTS_DIR; };
		7F184557258FF3520064D581 /* BlackStone.app */ = {isa = PBXFileReference; explicitFileType = wrapper.application; includeInIndex = 0; path = BlackStone.app; sourceTree = BUILT_PRODUCTS_DIR; };
		7F18455A258FF3520064D581 /* AppDelegate.swift */ = {isa = PBXFileReference; lastKnownFileType = sourcecode.swift; path = AppDelegate.swift; sourceTree = "<group>"; };
		7F184561258FF3520064D581 /* Base */ = {isa = PBXFileReference; lastKnownFileType = file.storyboard; name = Base; path = Base.lproj/Main.storyboard; sourceTree = "<group>"; };
		7F184563258FF3550064D581 /* Assets.xcassets */ = {isa = PBXFileReference; lastKnownFileType = folder.assetcatalog; path = Assets.xcassets; sourceTree = "<group>"; };
		7F184566258FF3550064D581 /* Base */ = {isa = PBXFileReference; lastKnownFileType = file.storyboard; name = Base; path = Base.lproj/LaunchScreen.storyboard; sourceTree = "<group>"; };
		7F184568258FF3550064D581 /* Info.plist */ = {isa = PBXFileReference; lastKnownFileType = text.plist.xml; path = Info.plist; sourceTree = "<group>"; };
		7F184570258FF39D0064D581 /* Operations.playground */ = {isa = PBXFileReference; lastKnownFileType = file.playground; path = Operations.playground; sourceTree = SOURCE_ROOT; xcLanguageSpecificationIdentifier = xcode.lang.swift; };
		7F184573258FF5640064D581 /* anagrams.playground */ = {isa = PBXFileReference; lastKnownFileType = file.playground; path = anagrams.playground; sourceTree = SOURCE_ROOT; xcLanguageSpecificationIdentifier = xcode.lang.swift; };
		7F184576258FF88A0064D581 /* fibonacci.playground */ = {isa = PBXFileReference; lastKnownFileType = file.playground; path = fibonacci.playground; sourceTree = SOURCE_ROOT; xcLanguageSpecificationIdentifier = xcode.lang.swift; };
		7F18457A2590010E0064D581 /* CurrencyModel.swift */ = {isa = PBXFileReference; lastKnownFileType = sourcecode.swift; path = CurrencyModel.swift; sourceTree = "<group>"; };
		7F18457E259001650064D581 /* CurrencyNetwork.swift */ = {isa = PBXFileReference; lastKnownFileType = sourcecode.swift; path = CurrencyNetwork.swift; sourceTree = "<group>"; };
		7FB2E01D25900A5600838744 /* CurrencyVCRX.swift */ = {isa = PBXFileReference; lastKnownFileType = sourcecode.swift; path = CurrencyVCRX.swift; sourceTree = "<group>"; };
		7FB2E02725900C2600838744 /* Error.swift */ = {isa = PBXFileReference; fileEncoding = 4; lastKnownFileType = sourcecode.swift; path = Error.swift; sourceTree = "<group>"; };
		7FB2E02B25900CA900838744 /* GetCurrencyInteractor.swift */ = {isa = PBXFileReference; lastKnownFileType = sourcecode.swift; path = GetCurrencyInteractor.swift; sourceTree = "<group>"; };
		7FB2E02F25900F5D00838744 /* CurrencyPresenterRX.swift */ = {isa = PBXFileReference; lastKnownFileType = sourcecode.swift; path = CurrencyPresenterRX.swift; sourceTree = "<group>"; };
		7FF0BADF2591265800753AA1 /* CurrencyCell.swift */ = {isa = PBXFileReference; lastKnownFileType = sourcecode.swift; path = CurrencyCell.swift; sourceTree = "<group>"; };
		7FF0BAE325913C3600753AA1 /* CurrencyVC.swift */ = {isa = PBXFileReference; lastKnownFileType = sourcecode.swift; path = CurrencyVC.swift; sourceTree = "<group>"; };
		7FF0BAE625913C7E00753AA1 /* CurrencyPresenter.swift */ = {isa = PBXFileReference; lastKnownFileType = sourcecode.swift; path = CurrencyPresenter.swift; sourceTree = "<group>"; };
		7FF0BAEA25913EEB00753AA1 /* CurrencyVC + Delegate.swift */ = {isa = PBXFileReference; lastKnownFileType = sourcecode.swift; path = "CurrencyVC + Delegate.swift"; sourceTree = "<group>"; };
		7FF0BAF025914C5E00753AA1 /* CurrencyCalculation.swift */ = {isa = PBXFileReference; lastKnownFileType = sourcecode.swift; path = CurrencyCalculation.swift; sourceTree = "<group>"; };
		7FF0BAFC259156C700753AA1 /* questionsAnswers */ = {isa = PBXFileReference; lastKnownFileType = text; path = questionsAnswers; sourceTree = "<group>"; };
		83014B6F7CDD762137F0EF49 /* Pods-BlackStone.release.xcconfig */ = {isa = PBXFileReference; includeInIndex = 1; lastKnownFileType = text.xcconfig; name = "Pods-BlackStone.release.xcconfig"; path = "Target Support Files/Pods-BlackStone/Pods-BlackStone.release.xcconfig"; sourceTree = "<group>"; };
		AF73AAC77E119BBEC2045ABB /* Pods-BlackStone.debug.xcconfig */ = {isa = PBXFileReference; includeInIndex = 1; lastKnownFileType = text.xcconfig; name = "Pods-BlackStone.debug.xcconfig"; path = "Target Support Files/Pods-BlackStone/Pods-BlackStone.debug.xcconfig"; sourceTree = "<group>"; };
/* End PBXFileReference section */

/* Begin PBXFrameworksBuildPhase section */
		7F184554258FF3520064D581 /* Frameworks */ = {
			isa = PBXFrameworksBuildPhase;
			buildActionMask = 2147483647;
			files = (
				04B42454C9C9CE2E73CCFF86 /* Pods_BlackStone.framework in Frameworks */,
			);
			runOnlyForDeploymentPostprocessing = 0;
		};
/* End PBXFrameworksBuildPhase section */

/* Begin PBXGroup section */
		7F18454E258FF3510064D581 = {
			isa = PBXGroup;
			children = (
				7F18457E259001650064D581 /* CurrencyNetwork.swift */,
				7F18456F258FF3650064D581 /* Tasks */,
				7FB2E01A259008DF00838744 /* Scene */,
				7F184559258FF3520064D581 /* BlackStone */,
				7F184558258FF3520064D581 /* Products */,
				CC105F741CEFE7BC5B390EDD /* Pods */,
				A2056CA25755F2338B617869 /* Frameworks */,
			);
			sourceTree = "<group>";
		};
		7F184558258FF3520064D581 /* Products */ = {
			isa = PBXGroup;
			children = (
				7F184557258FF3520064D581 /* BlackStone.app */,
			);
			name = Products;
			sourceTree = "<group>";
		};
		7F184559258FF3520064D581 /* BlackStone */ = {
			isa = PBXGroup;
			children = (
				7F184579259001030064D581 /* Model */,
				7F184560258FF3520064D581 /* Main.storyboard */,
				7F18455A258FF3520064D581 /* AppDelegate.swift */,
				7F184563258FF3550064D581 /* Assets.xcassets */,
				7F184565258FF3550064D581 /* LaunchScreen.storyboard */,
				7F184568258FF3550064D581 /* Info.plist */,
			);
			path = BlackStone;
			sourceTree = "<group>";
		};
		7F18456F258FF3650064D581 /* Tasks */ = {
			isa = PBXGroup;
			children = (
				7F184576258FF88A0064D581 /* fibonacci.playground */,
				7F184573258FF5640064D581 /* anagrams.playground */,
				7F184570258FF39D0064D581 /* Operations.playground */,
				7FF0BAFC259156C700753AA1 /* questionsAnswers */,
			);
			path = Tasks;
			sourceTree = "<group>";
		};
		7F184579259001030064D581 /* Model */ = {
			isa = PBXGroup;
			children = (
				7F18457A2590010E0064D581 /* CurrencyModel.swift */,
				7FB2E02725900C2600838744 /* Error.swift */,
			);
			path = Model;
			sourceTree = "<group>";
		};
		7F18457D259001500064D581 /* VC */ = {
			isa = PBXGroup;
			children = (
				7FF0BADE2591263C00753AA1 /* Cell */,
				7FF0BAE325913C3600753AA1 /* CurrencyVC.swift */,
				7FF0BAEA25913EEB00753AA1 /* CurrencyVC + Delegate.swift */,
				7FB2E01D25900A5600838744 /* CurrencyVCRX.swift */,
			);
			path = VC;
			sourceTree = "<group>";
		};
		7FB2E0142590082100838744 /* Currency */ = {
			isa = PBXGroup;
			children = (
				7FB2E02E25900F4B00838744 /* Presenter */,
				7FB2E02A25900C9300838744 /* Interactor */,
				7F18457D259001500064D581 /* VC */,
			);
			path = Currency;
			sourceTree = "<group>";
		};
		7FB2E01A259008DF00838744 /* Scene */ = {
			isa = PBXGroup;
			children = (
				7FF0BAED25914C0D00753AA1 /* CalculationScreen */,
				7FB2E0142590082100838744 /* Currency */,
			);
			path = Scene;
			sourceTree = "<group>";
		};
		7FB2E02A25900C9300838744 /* Interactor */ = {
			isa = PBXGroup;
			children = (
				7FB2E02B25900CA900838744 /* GetCurrencyInteractor.swift */,
			);
			path = Interactor;
			sourceTree = "<group>";
		};
		7FB2E02E25900F4B00838744 /* Presenter */ = {
			isa = PBXGroup;
			children = (
				7FF0BAE625913C7E00753AA1 /* CurrencyPresenter.swift */,
				7FB2E02F25900F5D00838744 /* CurrencyPresenterRX.swift */,
			);
			path = Presenter;
			sourceTree = "<group>";
		};
		7FF0BADE2591263C00753AA1 /* Cell */ = {
			isa = PBXGroup;
			children = (
				7FF0BADF2591265800753AA1 /* CurrencyCell.swift */,
			);
			path = Cell;
			sourceTree = "<group>";
		};
		7FF0BAED25914C0D00753AA1 /* CalculationScreen */ = {
			isa = PBXGroup;
			children = (
				7FF0BAEF25914C3F00753AA1 /* VC */,
			);
			path = CalculationScreen;
			sourceTree = "<group>";
		};
		7FF0BAEF25914C3F00753AA1 /* VC */ = {
			isa = PBXGroup;
			children = (
				7FF0BAF025914C5E00753AA1 /* CurrencyCalculation.swift */,
			);
			path = VC;
			sourceTree = "<group>";
		};
		A2056CA25755F2338B617869 /* Frameworks */ = {
			isa = PBXGroup;
			children = (
				3CEE6C79A203F92C4B823CFE /* Pods_BlackStone.framework */,
			);
			name = Frameworks;
			sourceTree = "<group>";
		};
		CC105F741CEFE7BC5B390EDD /* Pods */ = {
			isa = PBXGroup;
			children = (
				AF73AAC77E119BBEC2045ABB /* Pods-BlackStone.debug.xcconfig */,
				83014B6F7CDD762137F0EF49 /* Pods-BlackStone.release.xcconfig */,
			);
			path = Pods;
			sourceTree = "<group>";
		};
/* End PBXGroup section */

/* Begin PBXNativeTarget section */
		7F184556258FF3520064D581 /* BlackStone */ = {
			isa = PBXNativeTarget;
			buildConfigurationList = 7F18456B258FF3550064D581 /* Build configuration list for PBXNativeTarget "BlackStone" */;
			buildPhases = (
				773333DE8ABED72F6E97F64D /* [CP] Check Pods Manifest.lock */,
				7F184553258FF3520064D581 /* Sources */,
				7F184554258FF3520064D581 /* Frameworks */,
				7F184555258FF3520064D581 /* Resources */,
				2C2BCDFD1609354785DE2C91 /* [CP] Embed Pods Frameworks */,
			);
			buildRules = (
			);
			dependencies = (
			);
			name = BlackStone;
			productName = BlackStone;
			productReference = 7F184557258FF3520064D581 /* BlackStone.app */;
			productType = "com.apple.product-type.application";
		};
/* End PBXNativeTarget section */

/* Begin PBXProject section */
		7F18454F258FF3510064D581 /* Project object */ = {
			isa = PBXProject;
			attributes = {
				LastSwiftUpdateCheck = 1210;
				LastUpgradeCheck = 1210;
				TargetAttributes = {
					7F184556258FF3520064D581 = {
						CreatedOnToolsVersion = 12.1;
					};
				};
			};
			buildConfigurationList = 7F184552258FF3510064D581 /* Build configuration list for PBXProject "BlackStone" */;
			compatibilityVersion = "Xcode 9.3";
			developmentRegion = en;
			hasScannedForEncodings = 0;
			knownRegions = (
				en,
				Base,
			);
			mainGroup = 7F18454E258FF3510064D581;
			productRefGroup = 7F184558258FF3520064D581 /* Products */;
			projectDirPath = "";
			projectRoot = "";
			targets = (
				7F184556258FF3520064D581 /* BlackStone */,
			);
		};
/* End PBXProject section */

/* Begin PBXResourcesBuildPhase section */
		7F184555258FF3520064D581 /* Resources */ = {
			isa = PBXResourcesBuildPhase;
			buildActionMask = 2147483647;
			files = (
				7F184567258FF3550064D581 /* LaunchScreen.storyboard in Resources */,
				7F184564258FF3550064D581 /* Assets.xcassets in Resources */,
				7F184562258FF3520064D581 /* Main.storyboard in Resources */,
			);
			runOnlyForDeploymentPostprocessing = 0;
		};
/* End PBXResourcesBuildPhase section */

/* Begin PBXShellScriptBuildPhase section */
		2C2BCDFD1609354785DE2C91 /* [CP] Embed Pods Frameworks */ = {
			isa = PBXShellScriptBuildPhase;
			buildActionMask = 2147483647;
			files = (
			);
			inputFileListPaths = (
				"${PODS_ROOT}/Target Support Files/Pods-BlackStone/Pods-BlackStone-frameworks-${CONFIGURATION}-input-files.xcfilelist",
			);
			name = "[CP] Embed Pods Frameworks";
			outputFileListPaths = (
				"${PODS_ROOT}/Target Support Files/Pods-BlackStone/Pods-BlackStone-frameworks-${CONFIGURATION}-output-files.xcfilelist",
			);
			runOnlyForDeploymentPostprocessing = 0;
			shellPath = /bin/sh;
			shellScript = "\"${PODS_ROOT}/Target Support Files/Pods-BlackStone/Pods-BlackStone-frameworks.sh\"\n";
			showEnvVarsInLog = 0;
		};
		773333DE8ABED72F6E97F64D /* [CP] Check Pods Manifest.lock */ = {
			isa = PBXShellScriptBuildPhase;
			buildActionMask = 2147483647;
			files = (
			);
			inputFileListPaths = (
			);
			inputPaths = (
				"${PODS_PODFILE_DIR_PATH}/Podfile.lock",
				"${PODS_ROOT}/Manifest.lock",
			);
			name = "[CP] Check Pods Manifest.lock";
			outputFileListPaths = (
			);
			outputPaths = (
				"$(DERIVED_FILE_DIR)/Pods-BlackStone-checkManifestLockResult.txt",
			);
			runOnlyForDeploymentPostprocessing = 0;
			shellPath = /bin/sh;
			shellScript = "diff \"${PODS_PODFILE_DIR_PATH}/Podfile.lock\" \"${PODS_ROOT}/Manifest.lock\" > /dev/null\nif [ $? != 0 ] ; then\n    # print error to STDERR\n    echo \"error: The sandbox is not in sync with the Podfile.lock. Run 'pod install' or update your CocoaPods installation.\" >&2\n    exit 1\nfi\n# This output is used by Xcode 'outputs' to avoid re-running this script phase.\necho \"SUCCESS\" > \"${SCRIPT_OUTPUT_FILE_0}\"\n";
			showEnvVarsInLog = 0;
		};
/* End PBXShellScriptBuildPhase section */

/* Begin PBXSourcesBuildPhase section */
		7F184553258FF3520064D581 /* Sources */ = {
			isa = PBXSourcesBuildPhase;
			buildActionMask = 2147483647;
			files = (
				7FF0BAE02591265800753AA1 /* CurrencyCell.swift in Sources */,
				7FB2E02C25900CA900838744 /* GetCurrencyInteractor.swift in Sources */,
				7F18455B258FF3520064D581 /* AppDelegate.swift in Sources */,
				7FF0BAEB25913EEB00753AA1 /* CurrencyVC + Delegate.swift in Sources */,
				7F18457B2590010E0064D581 /* CurrencyModel.swift in Sources */,
				7FB2E03025900F5D00838744 /* CurrencyPresenterRX.swift in Sources */,
				7FF0BAF125914C5E00753AA1 /* CurrencyCalculation.swift in Sources */,
				7FF0BAE725913C7E00753AA1 /* CurrencyPresenter.swift in Sources */,
				7F18457F259001650064D581 /* CurrencyNetwork.swift in Sources */,
				7FF0BAE425913C3600753AA1 /* CurrencyVC.swift in Sources */,
				7FB2E02825900C2600838744 /* Error.swift in Sources */,
				7FB2E01E25900A5600838744 /* CurrencyVCRX.swift in Sources */,
			);
			runOnlyForDeploymentPostprocessing = 0;
		};
/* End PBXSourcesBuildPhase section */

/* Begin PBXVariantGroup section */
		7F184560258FF3520064D581 /* Main.storyboard */ = {
			isa = PBXVariantGroup;
			children = (
				7F184561258FF3520064D581 /* Base */,
			);
			name = Main.storyboard;
			sourceTree = "<group>";
		};
		7F184565258FF3550064D581 /* LaunchScreen.storyboard */ = {
			isa = PBXVariantGroup;
			children = (
				7F184566258FF3550064D581 /* Base */,
			);
			name = LaunchScreen.storyboard;
			sourceTree = "<group>";
		};
/* End PBXVariantGroup section */

/* Begin XCBuildConfiguration section */
		7F184569258FF3550064D581 /* Debug */ = {
			isa = XCBuildConfiguration;
			buildSettings = {
				ALWAYS_SEARCH_USER_PATHS = NO;
				CLANG_ANALYZER_NONNULL = YES;
				CLANG_ANALYZER_NUMBER_OBJECT_CONVERSION = YES_AGGRESSIVE;
				CLANG_CXX_LANGUAGE_STANDARD = "gnu++14";
				CLANG_CXX_LIBRARY = "libc++";
				CLANG_ENABLE_MODULES = YES;
				CLANG_ENABLE_OBJC_ARC = YES;
				CLANG_ENABLE_OBJC_WEAK = YES;
				CLANG_WARN_BLOCK_CAPTURE_AUTORELEASING = YES;
				CLANG_WARN_BOOL_CONVERSION = YES;
				CLANG_WARN_COMMA = YES;
				CLANG_WARN_CONSTANT_CONVERSION = YES;
				CLANG_WARN_DEPRECATED_OBJC_IMPLEMENTATIONS = YES;
				CLANG_WARN_DIRECT_OBJC_ISA_USAGE = YES_ERROR;
				CLANG_WARN_DOCUMENTATION_COMMENTS = YES;
				CLANG_WARN_EMPTY_BODY = YES;
				CLANG_WARN_ENUM_CONVERSION = YES;
				CLANG_WARN_INFINITE_RECURSION = YES;
				CLANG_WARN_INT_CONVERSION = YES;
				CLANG_WARN_NON_LITERAL_NULL_CONVERSION = YES;
				CLANG_WARN_OBJC_IMPLICIT_RETAIN_SELF = YES;
				CLANG_WARN_OBJC_LITERAL_CONVERSION = YES;
				CLANG_WARN_OBJC_ROOT_CLASS = YES_ERROR;
				CLANG_WARN_QUOTED_INCLUDE_IN_FRAMEWORK_HEADER = YES;
				CLANG_WARN_RANGE_LOOP_ANALYSIS = YES;
				CLANG_WARN_STRICT_PROTOTYPES = YES;
				CLANG_WARN_SUSPICIOUS_MOVE = YES;
				CLANG_WARN_UNGUARDED_AVAILABILITY = YES_AGGRESSIVE;
				CLANG_WARN_UNREACHABLE_CODE = YES;
				CLANG_WARN__DUPLICATE_METHOD_MATCH = YES;
				COPY_PHASE_STRIP = NO;
				DEBUG_INFORMATION_FORMAT = dwarf;
				ENABLE_STRICT_OBJC_MSGSEND = YES;
				ENABLE_TESTABILITY = YES;
				GCC_C_LANGUAGE_STANDARD = gnu11;
				GCC_DYNAMIC_NO_PIC = NO;
				GCC_NO_COMMON_BLOCKS = YES;
				GCC_OPTIMIZATION_LEVEL = 0;
				GCC_PREPROCESSOR_DEFINITIONS = (
					"DEBUG=1",
					"$(inherited)",
				);
				GCC_WARN_64_TO_32_BIT_CONVERSION = YES;
				GCC_WARN_ABOUT_RETURN_TYPE = YES_ERROR;
				GCC_WARN_UNDECLARED_SELECTOR = YES;
				GCC_WARN_UNINITIALIZED_AUTOS = YES_AGGRESSIVE;
				GCC_WARN_UNUSED_FUNCTION = YES;
				GCC_WARN_UNUSED_VARIABLE = YES;
				IPHONEOS_DEPLOYMENT_TARGET = 13.0;
				MTL_ENABLE_DEBUG_INFO = INCLUDE_SOURCE;
				MTL_FAST_MATH = YES;
				ONLY_ACTIVE_ARCH = YES;
				SDKROOT = iphoneos;
				SWIFT_ACTIVE_COMPILATION_CONDITIONS = DEBUG;
				SWIFT_OPTIMIZATION_LEVEL = "-Onone";
			};
			name = Debug;
		};
		7F18456A258FF3550064D581 /* Release */ = {
			isa = XCBuildConfiguration;
			buildSettings = {
				ALWAYS_SEARCH_USER_PATHS = NO;
				CLANG_ANALYZER_NONNULL = YES;
				CLANG_ANALYZER_NUMBER_OBJECT_CONVERSION = YES_AGGRESSIVE;
				CLANG_CXX_LANGUAGE_STANDARD = "gnu++14";
				CLANG_CXX_LIBRARY = "libc++";
				CLANG_ENABLE_MODULES = YES;
				CLANG_ENABLE_OBJC_ARC = YES;
				CLANG_ENABLE_OBJC_WEAK = YES;
				CLANG_WARN_BLOCK_CAPTURE_AUTORELEASING = YES;
				CLANG_WARN_BOOL_CONVERSION = YES;
				CLANG_WARN_COMMA = YES;
				CLANG_WARN_CONSTANT_CONVERSION = YES;
				CLANG_WARN_DEPRECATED_OBJC_IMPLEMENTATIONS = YES;
				CLANG_WARN_DIRECT_OBJC_ISA_USAGE = YES_ERROR;
				CLANG_WARN_DOCUMENTATION_COMMENTS = YES;
				CLANG_WARN_EMPTY_BODY = YES;
				CLANG_WARN_ENUM_CONVERSION = YES;
				CLANG_WARN_INFINITE_RECURSION = YES;
				CLANG_WARN_INT_CONVERSION = YES;
				CLANG_WARN_NON_LITERAL_NULL_CONVERSION = YES;
				CLANG_WARN_OBJC_IMPLICIT_RETAIN_SELF = YES;
				CLANG_WARN_OBJC_LITERAL_CONVERSION = YES;
				CLANG_WARN_OBJC_ROOT_CLASS = YES_ERROR;
				CLANG_WARN_QUOTED_INCLUDE_IN_FRAMEWORK_HEADER = YES;
				CLANG_WARN_RANGE_LOOP_ANALYSIS = YES;
				CLANG_WARN_STRICT_PROTOTYPES = YES;
				CLANG_WARN_SUSPICIOUS_MOVE = YES;
				CLANG_WARN_UNGUARDED_AVAILABILITY = YES_AGGRESSIVE;
				CLANG_WARN_UNREACHABLE_CODE = YES;
				CLANG_WARN__DUPLICATE_METHOD_MATCH = YES;
				COPY_PHASE_STRIP = NO;
				DEBUG_INFORMATION_FORMAT = "dwarf-with-dsym";
				ENABLE_NS_ASSERTIONS = NO;
				ENABLE_STRICT_OBJC_MSGSEND = YES;
				GCC_C_LANGUAGE_STANDARD = gnu11;
				GCC_NO_COMMON_BLOCKS = YES;
				GCC_WARN_64_TO_32_BIT_CONVERSION = YES;
				GCC_WARN_ABOUT_RETURN_TYPE = YES_ERROR;
				GCC_WARN_UNDECLARED_SELECTOR = YES;
				GCC_WARN_UNINITIALIZED_AUTOS = YES_AGGRESSIVE;
				GCC_WARN_UNUSED_FUNCTION = YES;
				GCC_WARN_UNUSED_VARIABLE = YES;
				IPHONEOS_DEPLOYMENT_TARGET = 13.0;
				MTL_ENABLE_DEBUG_INFO = NO;
				MTL_FAST_MATH = YES;
				SDKROOT = iphoneos;
				SWIFT_COMPILATION_MODE = wholemodule;
				SWIFT_OPTIMIZATION_LEVEL = "-O";
				VALIDATE_PRODUCT = YES;
			};
			name = Release;
		};
		7F18456C258FF3550064D581 /* Debug */ = {
			isa = XCBuildConfiguration;
			baseConfigurationReference = AF73AAC77E119BBEC2045ABB /* Pods-BlackStone.debug.xcconfig */;
			buildSettings = {
				ASSETCATALOG_COMPILER_APPICON_NAME = AppIcon;
				ASSETCATALOG_COMPILER_GLOBAL_ACCENT_COLOR_NAME = AccentColor;
				CODE_SIGN_STYLE = Automatic;
				INFOPLIST_FILE = BlackStone/Info.plist;
				LD_RUNPATH_SEARCH_PATHS = (
					"$(inherited)",
					"@executable_path/Frameworks",
				);
				PRODUCT_BUNDLE_IDENTIFIER = MahmoudHelmy.BlackStone;
				PRODUCT_NAME = "$(TARGET_NAME)";
				SWIFT_VERSION = 5.0;
				TARGETED_DEVICE_FAMILY = 1;
			};
			name = Debug;
		};
		7F18456D258FF3550064D581 /* Release */ = {
			isa = XCBuildConfiguration;
			baseConfigurationReference = 83014B6F7CDD762137F0EF49 /* Pods-BlackStone.release.xcconfig */;
			buildSettings = {
				ASSETCATALOG_COMPILER_APPICON_NAME = AppIcon;
				ASSETCATALOG_COMPILER_GLOBAL_ACCENT_COLOR_NAME = AccentColor;
				CODE_SIGN_STYLE = Automatic;
				INFOPLIST_FILE = BlackStone/Info.plist;
				LD_RUNPATH_SEARCH_PATHS = (
					"$(inherited)",
					"@executable_path/Frameworks",
				);
				PRODUCT_BUNDLE_IDENTIFIER = MahmoudHelmy.BlackStone;
				PRODUCT_NAME = "$(TARGET_NAME)";
				SWIFT_VERSION = 5.0;
				TARGETED_DEVICE_FAMILY = 1;
			};
			name = Release;
		};
/* End XCBuildConfiguration section */

/* Begin XCConfigurationList section */
		7F184552258FF3510064D581 /* Build configuration list for PBXProject "BlackStone" */ = {
			isa = XCConfigurationList;
			buildConfigurations = (
				7F184569258FF3550064D581 /* Debug */,
				7F18456A258FF3550064D581 /* Release */,
			);
			defaultConfigurationIsVisible = 0;
			defaultConfigurationName = Release;
		};
		7F18456B258FF3550064D581 /* Build configuration list for PBXNativeTarget "BlackStone" */ = {
			isa = XCConfigurationList;
			buildConfigurations = (
				7F18456C258FF3550064D581 /* Debug */,
				7F18456D258FF3550064D581 /* Release */,
			);
			defaultConfigurationIsVisible = 0;
			defaultConfigurationName = Release;
		};
/* End XCConfigurationList section */
	};
	rootObject = 7F18454F258FF3510064D581 /* Project object */;
}
